
Microsoft Visual Studio Solution File, Format Version 12.00
# Visual Studio Version 16
VisualStudioVersion = 16.0.30611.23
MinimumVisualStudioVersion = 10.0.40219.1
Project("{FAE04EC0-301F-11D3-BF4B-00C04F79EFBC}") = "HelloWorldUpdated", "HelloWorldUpdated.csproj", "{4FAE1498-A04D-4192-9A12-B30EF2932B2B}"
EndProject
Global
	GlobalSection(SolutionConfigurationPlatforms) = preSolution
		Debug|Any CPU = Debug|Any CPU
		Release|Any CPU = Release|Any CPU
	EndGlobalSection
	GlobalSection(ProjectConfigurationPlatforms) = postSolution
		{4FAE1498-A04D-4192-9A12-B30EF2932B2B}.Debug|Any CPU.ActiveCfg = Debug|Any CPU
		{4FAE1498-A04D-4192-9A12-B30EF2932B2B}.Debug|Any CPU.Build.0 = Debug|Any CPU
		{4FAE1498-A04D-4192-9A12-B30EF2932B2B}.Release|Any CPU.ActiveCfg = Release|Any CPU
		{4FAE1498-A04D-4192-9A12-B30EF2932B2B}.Release|Any CPU.Build.0 = Release|Any CPU
	EndGlobalSection
	GlobalSection(SolutionProperties) = preSolution
		HideSolutionNode = FALSE
	EndGlobalSection
	GlobalSection(ExtensibilityGlobals) = postSolution
		SolutionGuid = {5AFFCA2D-1341-4CD1-9B7A-8C57A0BDCA52}
	EndGlobalSection
EndGlobal
